Microsoft Visual Studio Solution File, Format Version 11.00
# Visual Studio 2008

Project("{55335511-1470-4B95-F838-4F18833EA44B}") = "RSO", "Assembly-CSharp-vs.csproj", "{E1865CF4-3572-BCAB-1817-E9573C58F3E5}"
EndProject
Project("{55335511-1470-4B95-F838-4F18833EA44B}") = "RSO", "Assembly-CSharp-Editor-vs.csproj", "{204F6129-059F-BDFB-AE57-80E28CC9F54E}"
EndProject
Global
	GlobalSection(SolutionConfigurationPlatforms) = preSolution
		Debug|Any CPU = Debug|Any CPU
		Release|Any CPU = Release|Any CPU
	EndGlobalSection
	GlobalSection(ProjectConfigurationPlatforms) = postSolution
		{E1865CF4-3572-BCAB-1817-E9573C58F3E5}.Debug|Any CPU.ActiveCfg = Debug|Any CPU
		{E1865CF4-3572-BCAB-1817-E9573C58F3E5}.Debug|Any CPU.Build.0 = Debug|Any CPU
		{E1865CF4-3572-BCAB-1817-E9573C58F3E5}.Release|Any CPU.ActiveCfg = Release|Any CPU
		{E1865CF4-3572-BCAB-1817-E9573C58F3E5}.Release|Any CPU.Build.0 = Release|Any CPU
		{204F6129-059F-BDFB-AE57-80E28CC9F54E}.Debug|Any CPU.ActiveCfg = Debug|Any CPU
		{204F6129-059F-BDFB-AE57-80E28CC9F54E}.Debug|Any CPU.Build.0 = Debug|Any CPU
		{204F6129-059F-BDFB-AE57-80E28CC9F54E}.Release|Any CPU.ActiveCfg = Release|Any CPU
		{204F6129-059F-BDFB-AE57-80E28CC9F54E}.Release|Any CPU.Build.0 = Release|Any CPU
	EndGlobalSection
	GlobalSection(SolutionProperties) = preSolution
		HideSolutionNode = FALSE
	EndGlobalSection
			GlobalSection(MonoDevelopProperties) = preSolution
		StartupItem = Assembly-CSharp.csproj
		Policies = $0
		$0.TextStylePolicy = $1
		$1.inheritsSet = null
		$1.scope = text/x-csharp
		$0.CSharpFormattingPolicy = $2
		$2.inheritsSet = Mono
		$2.inheritsScope = text/x-csharp
		$2.scope = text/x-csharp
		$0.TextStylePolicy = $3
		$3.FileWidth = 120
		$3.TabWidth = 4
		$3.IndentWidth = 4
		$3.EolMarker = Unix
		$3.inheritsSet = Mono
		$3.inheritsScope = text/plain
		$3.scope = text/plain
	EndGlobalSection

EndGlobal
